{
  "name": "@warren-bank/libre-language-translator",
  "version": "1.0.0",
  "lockfileVersion": 3,
  "requires": true,
  "packages": {
    "": {
      "name": "@warren-bank/libre-language-translator",
      "version": "1.0.0",
      "license": "GPL-2.0",
      "dependencies": {
        "@warren-bank/node-process-argv": "^1.2.2"
      },
      "bin": {
        "libre-translate": "bin/libre-translate.js"
      }
    },
    "node_modules/@warren-bank/node-process-argv": {
      "version": "1.2.2",
      "resolved": "https://registry.npmjs.org/@warren-bank/node-process-argv/-/node-process-argv-1.2.2.tgz",
      "integrity": "sha512-wZWDntPdBaQURyCgUhFGumjyt3ZbKmG6uQBqeiVKDr4IwaSTEnd3HYoPYPcCC1qMLKhmCphyt3aJHPXuJKd7iw=="
    }
  }
}
